{
  "name": "ion-intl-tel-input",
  "version": "1.0.5",
  "lockfileVersion": 3,
  "requires": true,
  "packages": {
    "": {
      "name": "ion-intl-tel-input",
      "version": "1.0.5",
      "license": "See license in LICENSE",
      "devDependencies": {
        "@types/google-libphonenumber": "^7.4.17"
      },
      "peerDependencies": {
        "flag-icon-css": "^4.1.7",
        "google-libphonenumber": "^3.2.6"
      }
    },
    "node_modules/@types/google-libphonenumber": {
      "version": "7.4.23",
      "resolved": "https://registry.npmjs.org/@types/google-libphonenumber/-/google-libphonenumber-7.4.23.tgz",
      "integrity": "sha512-C3ydakLTQa8HxtYf9ge4q6uT9krDX8smSIxmmW3oACFi5g5vv6T068PRExF7UyWbWpuYiDG8Nm24q2X5XhcZWw==",
      "dev": true
    },
    "node_modules/flag-icon-css": {
      "version": "4.1.7",
      "resolved": "https://registry.npmjs.org/flag-icon-css/-/flag-icon-css-4.1.7.tgz",
      "integrity": "sha512-AFjSU+fv98XbU0vnTQ32vcLj89UEr1MhwDFcooQv14qWJCjg9fGZzfh9BVyDhAhIOZW/pGmJmq38RqpgPaeybQ==",
      "deprecated": "The project has been renamed to flag-icons",
      "peer": true
    },
    "node_modules/google-libphonenumber": {
      "version": "3.2.32",
      "resolved": "https://registry.npmjs.org/google-libphonenumber/-/google-libphonenumber-3.2.32.tgz",
      "integrity": "sha512-mcNgakausov/B/eTgVeX8qc8IwWjRrupk9UzZZ/QDEvdh5fAjE7Aa211bkZpZj42zKkeS6MTT8avHUwjcLxuGQ==",
      "peer": true,
      "engines": {
        "node": ">=0.10"
      }
    }
  }
}
