{
  "name": "@crodriguezdominguez/ion-intl-tel-input",
  "version": "2.2.0",
  "lockfileVersion": 3,
  "requires": true,
  "packages": {
    "": {
      "name": "@crodriguezdominguez/ion-intl-tel-input",
      "version": "2.2.0",
      "license": "See license in LICENSE",
      "peerDependencies": {
        "flag-icons": "^6.11.1",
        "libphonenumber-js": "^1.10.48"
      }
    },
    "node_modules/flag-icons": {
      "version": "6.11.1",
      "resolved": "https://registry.npmjs.org/flag-icons/-/flag-icons-6.11.1.tgz",
      "integrity": "sha512-c2UMJTFZoVQ47/sE1mb+9b5S1pi8SjXsx0MR063O31GV+O2EN4FMwMdEYSQItpien2bl9w1viLUoo2R3r6OK3g==",
      "peer": true
    },
    "node_modules/libphonenumber-js": {
      "version": "1.10.48",
      "resolved": "https://registry.npmjs.org/libphonenumber-js/-/libphonenumber-js-1.10.48.tgz",
      "integrity": "sha512-Vvcgt4+o8+puIBJZLdMshPYx9nRN3/kTT7HPtOyfYrSQuN9PGBF1KUv0g07fjNzt4E4GuA7FnsLb+WeAMzyRQg==",
      "peer": true
    }
  }
}
